github.com/future-wd/video-hugo-create-module-image v0.0.0-20230412114634-a2c38d729323 h1:mYbW6zwqT4yRBXvO72jVM/oCS413UTdoqlogwSQEe/k=
github.com/future-wd/video-hugo-create-module-image v0.0.0-20230412114634-a2c38d729323/go.mod h1:4rIr7nLA/wWjBSPFV1Bs0WMtWiQKnLzauwlJLp9TKMk=
github.com/future-wd/video-hugo-create-module-image v0.0.0-20230412120206-195751e86fe4 h1:h4nASR8lSIDBeJAginMOIfPqgqU+Y87ApKaNHCrkHQQ=
github.com/future-wd/video-hugo-create-module-image v0.0.0-20230412120206-195751e86fe4/go.mod h1:4rIr7nLA/wWjBSPFV1Bs0WMtWiQKnLzauwlJLp9TKMk=
